# THIS IS AN AUTOGENERATED FILE. DO NOT EDIT THIS FILE DIRECTLY.
# yarn lockfile v1


"@types/prop-types@*":
  version "15.7.4"
  resolved "http://5isp.wicp.net:9367/@types%2fprop-types/-/prop-types-15.7.4.tgz#fcf7205c25dff795ee79af1e30da2c9790808f11"
  integrity sha1-/PcgXCXf95Xuea8eMNosl5CAjxE=

"@types/react@^17.0.25":
  version "17.0.25"
  resolved "http://5isp.wicp.net:9367/@types%2freact/-/react-17.0.25.tgz#8b88c226e54910762decc9de2aa36b4dc9240503"
  integrity sha1-i4jCJuVJEHYt7MneKqNrTckkBQM=
  dependencies:
    "@types/prop-types" "*"
    "@types/scheduler" "*"
    csstype "^3.0.2"

"@types/scheduler@*":
  version "0.16.2"
  resolved "http://5isp.wicp.net:9367/@types%2fscheduler/-/scheduler-0.16.2.tgz#1a62f89525723dde24ba1b01b092bf5df8ad4d39"
  integrity sha1-GmL4lSVyPd4kuhsBsJK/XfitTTk=

"@types/wechat-miniprogram@^3.4.0":
  version "3.4.0"
  resolved "http://5isp.wicp.net:9367/@types%2fwechat-miniprogram/-/wechat-miniprogram-3.4.0.tgz#d743d5b3c17bd531c2c178ea1fe9d92a0b23bcd0"
  integrity sha1-10PVs8F71THCwXjqH+nZKgsjvNA=

csstype@^3.0.2:
  version "3.0.9"
  resolved "http://5isp.wicp.net:9367/csstype/-/csstype-3.0.9.tgz#6410af31b26bd0520933d02cbc64fce9ce3fbf0b"
  integrity sha1-ZBCvMbJr0FIJM9AsvGT86c4/vws=

vant-weapp-typings@^1.22.0:
  version "1.22.0"
  resolved "http://5isp.wicp.net:9367/vant-weapp-typings/-/vant-weapp-typings-1.22.0.tgz#23ecb4b256b0de8a97a794e18c52034bbbe22b27"
  integrity sha1-I+y0slaw3oqXp5ThjFIDS7viKyc=
  dependencies:
    "@types/wechat-miniprogram" "^3.4.0"
